
Microsoft Visual Studio Solution File, Format Version 12.00
# Visual Studio Version 17
VisualStudioVersion = 17.6.33801.468
MinimumVisualStudioVersion = 10.0.40219.1
Project("{FAE04EC0-301F-11D3-BF4B-00C04F79EFBC}") = "PM02G1_Ejercicio2.2.Android", "PM02G1_Ejercicio2.2\PM02G1_Ejercicio2.2.Android\PM02G1_Ejercicio2.2.Android.csproj", "{07C762D0-CDC1-4FFA-8009-1705A71A59FC}"
EndProject
Project("{FAE04EC0-301F-11D3-BF4B-00C04F79EFBC}") = "PM02G1_Ejercicio2.2", "PM02G1_Ejercicio2.2\PM02G1_Ejercicio2.2\PM02G1_Ejercicio2.2.csproj", "{9CCEA72D-C04C-4EAB-B659-586A620B9F27}"
EndProject
Global
	GlobalSection(SolutionConfigurationPlatforms) = preSolution
		Debug|Any CPU = Debug|Any CPU
		Release|Any CPU = Release|Any CPU
	EndGlobalSection
	GlobalSection(ProjectConfigurationPlatforms) = postSolution
		{07C762D0-CDC1-4FFA-8009-1705A71A59FC}.Debug|Any CPU.ActiveCfg = Debug|Any CPU
		{07C762D0-CDC1-4FFA-8009-1705A71A59FC}.Debug|Any CPU.Build.0 = Debug|Any CPU
		{07C762D0-CDC1-4FFA-8009-1705A71A59FC}.Debug|Any CPU.Deploy.0 = Debug|Any CPU
		{07C762D0-CDC1-4FFA-8009-1705A71A59FC}.Release|Any CPU.ActiveCfg = Release|Any CPU
		{07C762D0-CDC1-4FFA-8009-1705A71A59FC}.Release|Any CPU.Build.0 = Release|Any CPU
		{07C762D0-CDC1-4FFA-8009-1705A71A59FC}.Release|Any CPU.Deploy.0 = Release|Any CPU
		{9CCEA72D-C04C-4EAB-B659-586A620B9F27}.Debug|Any CPU.ActiveCfg = Debug|Any CPU
		{9CCEA72D-C04C-4EAB-B659-586A620B9F27}.Debug|Any CPU.Build.0 = Debug|Any CPU
		{9CCEA72D-C04C-4EAB-B659-586A620B9F27}.Debug|Any CPU.Deploy.0 = Debug|Any CPU
		{9CCEA72D-C04C-4EAB-B659-586A620B9F27}.Release|Any CPU.ActiveCfg = Release|Any CPU
		{9CCEA72D-C04C-4EAB-B659-586A620B9F27}.Release|Any CPU.Build.0 = Release|Any CPU
		{9CCEA72D-C04C-4EAB-B659-586A620B9F27}.Release|Any CPU.Deploy.0 = Release|Any CPU
	EndGlobalSection
	GlobalSection(SolutionProperties) = preSolution
		HideSolutionNode = FALSE
	EndGlobalSection
	GlobalSection(ExtensibilityGlobals) = postSolution
		SolutionGuid = {F1ACCD6A-BBD2-4971-A371-5C55EB04A8A6}
	EndGlobalSection
EndGlobal
